{
  "version": 4,
  "terraform_version": "1.7.0",
  "serial": 105,
  "lineage": "a02ddc86-4486-3643-c9e8-b3078029b8df",
  "outputs": {
    "public_ip_address": {
      "value": "20.185.222.163",
      "type": "string"
    }
  },
  "resources": [
    {
      "mode": "managed",
      "type": "azurerm_linux_virtual_machine",
      "name": "main",
      "provider": "provider[\"registry.terraform.io/hashicorp/azurerm\"]",
      "instances": [
        {
          "schema_version": 0,
          "attributes": {
            "additional_capabilities": [],
            "admin_password": "YourSecureAdminPass123!",
            "admin_ssh_key": [],
            "admin_username": "azureuser",
            "allow_extension_operations": true,
            "availability_set_id": "",
            "boot_diagnostics": [],
            "bypass_platform_safety_checks_on_user_schedule_enabled": false,
            "capacity_reservation_group_id": "",
            "computer_name": "vm-main",
            "custom_data": "I2Nsb3VkLWNvbmZpZw0KcGFja2FnZV91cGRhdGU6IHRydWUNCnBhY2thZ2VzOg0KICAtIGRvY2tlci5pbw0KICAtIGRvY2tlci1jb21wb3NlDQogIC0gZ2l0DQoNCndyaXRlX2ZpbGVzOg0KICAtIHBhdGg6IC9ldGMvZG9ja2VyLWxvZ2luLmVudg0KICAgIGNvbnRlbnQ6IHwNCiAgICAgIERPQ0tFUl9VU0VSTkFNRT0ke2RvY2tlcl91c2VybmFtZX0NCiAgICAgIERPQ0tFUl9QQVNTV09SRD0ke2RvY2tlcl9wYXNzd29yZH0NCiAgICBwZXJtaXNzaW9uczogJzA2MDAnDQoNCiAgLSBwYXRoOiAvb3B0L3N0ZWFtLXNhbGUtb3B0aW1pemVyLy5lbnYNCiAgICBjb250ZW50OiB8DQogICAgICBQT1NUR1JFU19VU0VSPXBvc3RncmVzDQogICAgICBQT1NUR1JFU19QQVNTV09SRD15b3VyX3Bhc3N3b3JkX2hlcmUNCiAgICAgIFBPU1RHUkVTX0RCPXN0ZWFtZGINCiAgICAgIEFJUkZMT1dfX0NPUkVfX1NRTF9BTENIRU1ZX0NPTk49cG9zdGdyZXNxbCtwc3ljb3BnMjovL3Bvc3RncmVzOnlvdXJfcGFzc3dvcmRfaGVyZUBwb3N0Z3Jlczo1NDMyL3N0ZWFtZGINCiAgICAgIEFJUkZMT1dfX1dFQlNFUlZFUl9fU0VDUkVUX0tFWT1zdXBlcnNlY3JldGtleQ0KICAgICAgQUlSRkxPV19VU0VSPWFkbWluDQogICAgICBBSVJGTE9XX1BBU1NXT1JEPWFkbWluDQogICAgICBNTEZMT1dfVFJBQ0tJTkdfVVJJPWh0dHA6Ly9tbGZsb3c6NTAwMA0KICAgICAgR1JBRkFOQV9VU0VSPWFkbWluDQogICAgICBHUkFGQU5BX1BBU1NXT1JEPWFkbWluDQogICAgcGVybWlzc2lvbnM6ICcwNjQ0Jw0KDQpydW5jbWQ6DQogIC0gc3lzdGVtY3RsIHN0YXJ0IGRvY2tlcg0KICAtIHN5c3RlbWN0bCBlbmFibGUgZG9ja2VyDQogIC0gYmFzaCAtYyAic291cmNlIC9ldGMvZG9ja2VyLWxvZ2luLmVudiAmJiBlY2hvIFwkRE9DS0VSX1BBU1NXT1JEIHwgZG9ja2VyIGxvZ2luIC11IFwkRE9DS0VSX1VTRVJOQU1FIC0tcGFzc3dvcmQtc3RkaW4gfHwgdHJ1ZSINCiAgLSBybSAtcmYgL29wdC9zdGVhbS1zYWxlLW9wdGltaXplcg0KICAtIGdpdCBjbG9uZSBodHRwczovL2dpdGh1Yi5jb20vZi1rdXpleS1lZGVzLWh1eWFsL3N0ZWFtLXNhbGUtb3B0aW1pemVyLmdpdCAvb3B0L3N0ZWFtLXNhbGUtb3B0aW1pemVyDQogIC0gYmFzaCAtYyAiY2QgL29wdC9zdGVhbS1zYWxlLW9wdGltaXplciAmJiBkb2NrZXItY29tcG9zZSB1cCAtLWJ1aWxkIC1kIg0K",
            "dedicated_host_group_id": "",
            "dedicated_host_id": "",
            "disable_password_authentication": false,
            "disk_controller_type": "",
            "edge_zone": "",
            "encryption_at_host_enabled": false,
            "eviction_policy": "",
            "extensions_time_budget": "PT1H30M",
            "gallery_application": [],
            "id": "/subscriptions/709b9f71-22e7-45c9-9b2a-e133387e5c72/resourceGroups/rg-steam-sale-optimizer/providers/Microsoft.Compute/virtualMachines/vm-main",
            "identity": [],
            "license_type": "",
            "location": "eastus",
            "max_bid_price": -1,
            "name": "vm-main",
            "network_interface_ids": [
              "/subscriptions/709b9f71-22e7-45c9-9b2a-e133387e5c72/resourceGroups/rg-steam-sale-optimizer/providers/Microsoft.Network/networkInterfaces/nic-main"
            ],
            "os_disk": [
              {
                "caching": "ReadWrite",
                "diff_disk_settings": [],
                "disk_encryption_set_id": "",
                "disk_size_gb": 30,
                "id": "/subscriptions/709b9f71-22e7-45c9-9b2a-e133387e5c72/resourceGroups/rg-steam-sale-optimizer/providers/Microsoft.Compute/disks/osdisk",
                "name": "osdisk",
                "secure_vm_disk_encryption_set_id": "",
                "security_encryption_type": "",
                "storage_account_type": "Standard_LRS",
                "write_accelerator_enabled": false
              }
            ],
            "os_image_notification": [],
            "patch_assessment_mode": "ImageDefault",
            "patch_mode": "ImageDefault",
            "plan": [],
            "platform_fault_domain": -1,
            "priority": "Regular",
            "private_ip_address": "10.0.1.4",
            "private_ip_addresses": [
              "10.0.1.4"
            ],
            "provision_vm_agent": true,
            "proximity_placement_group_id": "",
            "public_ip_address": "20.185.222.163",
            "public_ip_addresses": [
              "20.185.222.163"
            ],
            "reboot_setting": "",
            "resource_group_name": "rg-steam-sale-optimizer",
            "secret": [],
            "secure_boot_enabled": false,
            "size": "Standard_B1s",
            "source_image_id": "",
            "source_image_reference": [
              {
                "offer": "UbuntuServer",
                "publisher": "Canonical",
                "sku": "18.04-LTS",
                "version": "latest"
              }
            ],
            "tags": null,
            "termination_notification": null,
            "timeouts": null,
            "user_data": "",
            "virtual_machine_id": "d376d18d-6d22-4c87-8fca-492d5d618ca5",
            "virtual_machine_scale_set_id": "",
            "vm_agent_platform_updates_enabled": false,
            "vtpm_enabled": false,
            "zone": ""
          },
          "sensitive_attributes": [
            [
              {
                "type": "get_attr",
                "value": "admin_password"
              }
            ]
          ],
          "private": "eyJlMmJmYjczMC1lY2FhLTExZTYtOGY4OC0zNDM2M2JjN2M0YzAiOnsiY3JlYXRlIjoyNzAwMDAwMDAwMDAwLCJkZWxldGUiOjI3MDAwMDAwMDAwMDAsInJlYWQiOjMwMDAwMDAwMDAwMCwidXBkYXRlIjoyNzAwMDAwMDAwMDAwfX0=",
          "dependencies": [
            "azurerm_network_interface.main",
            "azurerm_public_ip.main",
            "azurerm_resource_group.main",
            "azurerm_subnet.main",
            "azurerm_virtual_network.main"
          ]
        }
      ]
    },
    {
      "mode": "managed",
      "type": "azurerm_network_interface",
      "name": "main",
      "provider": "provider[\"registry.terraform.io/hashicorp/azurerm\"]",
      "instances": [
        {
          "schema_version": 0,
          "attributes": {
            "accelerated_networking_enabled": false,
            "applied_dns_servers": [],
            "auxiliary_mode": "",
            "auxiliary_sku": "",
            "dns_servers": null,
            "edge_zone": "",
            "id": "/subscriptions/709b9f71-22e7-45c9-9b2a-e133387e5c72/resourceGroups/rg-steam-sale-optimizer/providers/Microsoft.Network/networkInterfaces/nic-main",
            "internal_dns_name_label": "",
            "internal_domain_name_suffix": "nnusbtpupruepjperebgdj03mb.bx.internal.cloudapp.net",
            "ip_configuration": [
              {
                "gateway_load_balancer_frontend_ip_configuration_id": "",
                "name": "ipconfig",
                "primary": true,
                "private_ip_address": "10.0.1.4",
                "private_ip_address_allocation": "Dynamic",
                "private_ip_address_version": "IPv4",
                "public_ip_address_id": "/subscriptions/709b9f71-22e7-45c9-9b2a-e133387e5c72/resourceGroups/rg-steam-sale-optimizer/providers/Microsoft.Network/publicIPAddresses/publicip-main",
                "subnet_id": "/subscriptions/709b9f71-22e7-45c9-9b2a-e133387e5c72/resourceGroups/rg-steam-sale-optimizer/providers/Microsoft.Network/virtualNetworks/vnet-main/subnets/subnet-main"
              }
            ],
            "ip_forwarding_enabled": false,
            "location": "eastus",
            "mac_address": "",
            "name": "nic-main",
            "private_ip_address": "10.0.1.4",
            "private_ip_addresses": [
              "10.0.1.4"
            ],
            "resource_group_name": "rg-steam-sale-optimizer",
            "tags": null,
            "timeouts": null,
            "virtual_machine_id": ""
          },
          "sensitive_attributes": [],
          "private": "eyJlMmJmYjczMC1lY2FhLTExZTYtOGY4OC0zNDM2M2JjN2M0YzAiOnsiY3JlYXRlIjoxODAwMDAwMDAwMDAwLCJkZWxldGUiOjE4MDAwMDAwMDAwMDAsInJlYWQiOjMwMDAwMDAwMDAwMCwidXBkYXRlIjoxODAwMDAwMDAwMDAwfX0=",
          "dependencies": [
            "azurerm_public_ip.main",
            "azurerm_resource_group.main",
            "azurerm_subnet.main",
            "azurerm_virtual_network.main"
          ]
        }
      ]
    },
    {
      "mode": "managed",
      "type": "azurerm_network_security_group",
      "name": "main",
      "provider": "provider[\"registry.terraform.io/hashicorp/azurerm\"]",
      "instances": [
        {
          "schema_version": 0,
          "attributes": {
            "id": "/subscriptions/709b9f71-22e7-45c9-9b2a-e133387e5c72/resourceGroups/rg-steam-sale-optimizer/providers/Microsoft.Network/networkSecurityGroups/nsg-main",
            "location": "eastus",
            "name": "nsg-main",
            "resource_group_name": "rg-steam-sale-optimizer",
            "security_rule": [
              {
                "access": "Allow",
                "description": "",
                "destination_address_prefix": "*",
                "destination_address_prefixes": [],
                "destination_application_security_group_ids": [],
                "destination_port_range": "",
                "destination_port_ranges": [
                  "3000",
                  "5000",
                  "8080",
                  "8081",
                  "8082"
                ],
                "direction": "Inbound",
                "name": "Allow-Container-Ports",
                "priority": 1001,
                "protocol": "Tcp",
                "source_address_prefix": "*",
                "source_address_prefixes": [],
                "source_application_security_group_ids": [],
                "source_port_range": "*",
                "source_port_ranges": []
              },
              {
                "access": "Allow",
                "description": "",
                "destination_address_prefix": "*",
                "destination_address_prefixes": [],
                "destination_application_security_group_ids": [],
                "destination_port_range": "22",
                "destination_port_ranges": [],
                "direction": "Inbound",
                "name": "Allow-SSH",
                "priority": 1000,
                "protocol": "Tcp",
                "source_address_prefix": "*",
                "source_address_prefixes": [],
                "source_application_security_group_ids": [],
                "source_port_range": "*",
                "source_port_ranges": []
              }
            ],
            "tags": null,
            "timeouts": null
          },
          "sensitive_attributes": [],
          "private": "eyJlMmJmYjczMC1lY2FhLTExZTYtOGY4OC0zNDM2M2JjN2M0YzAiOnsiY3JlYXRlIjoxODAwMDAwMDAwMDAwLCJkZWxldGUiOjE4MDAwMDAwMDAwMDAsInJlYWQiOjMwMDAwMDAwMDAwMCwidXBkYXRlIjoxODAwMDAwMDAwMDAwfX0=",
          "dependencies": [
            "azurerm_resource_group.main"
          ]
        }
      ]
    },
    {
      "mode": "managed",
      "type": "azurerm_public_ip",
      "name": "main",
      "provider": "provider[\"registry.terraform.io/hashicorp/azurerm\"]",
      "instances": [
        {
          "schema_version": 0,
          "attributes": {
            "allocation_method": "Static",
            "ddos_protection_mode": "VirtualNetworkInherited",
            "ddos_protection_plan_id": null,
            "domain_name_label": null,
            "domain_name_label_scope": null,
            "edge_zone": "",
            "fqdn": null,
            "id": "/subscriptions/709b9f71-22e7-45c9-9b2a-e133387e5c72/resourceGroups/rg-steam-sale-optimizer/providers/Microsoft.Network/publicIPAddresses/publicip-main",
            "idle_timeout_in_minutes": 4,
            "ip_address": "20.185.222.163",
            "ip_tags": null,
            "ip_version": "IPv4",
            "location": "eastus",
            "name": "publicip-main",
            "public_ip_prefix_id": null,
            "resource_group_name": "rg-steam-sale-optimizer",
            "reverse_fqdn": null,
            "sku": "Standard",
            "sku_tier": "Regional",
            "tags": null,
            "timeouts": null,
            "zones": null
          },
          "sensitive_attributes": [],
          "private": "eyJlMmJmYjczMC1lY2FhLTExZTYtOGY4OC0zNDM2M2JjN2M0YzAiOnsiY3JlYXRlIjoxODAwMDAwMDAwMDAwLCJkZWxldGUiOjE4MDAwMDAwMDAwMDAsInJlYWQiOjMwMDAwMDAwMDAwMCwidXBkYXRlIjoxODAwMDAwMDAwMDAwfX0=",
          "dependencies": [
            "azurerm_resource_group.main"
          ]
        }
      ]
    },
    {
      "mode": "managed",
      "type": "azurerm_resource_group",
      "name": "main",
      "provider": "provider[\"registry.terraform.io/hashicorp/azurerm\"]",
      "instances": [
        {
          "schema_version": 0,
          "attributes": {
            "id": "/subscriptions/709b9f71-22e7-45c9-9b2a-e133387e5c72/resourceGroups/rg-steam-sale-optimizer",
            "location": "eastus",
            "managed_by": "",
            "name": "rg-steam-sale-optimizer",
            "tags": null,
            "timeouts": null
          },
          "sensitive_attributes": [],
          "private": "eyJlMmJmYjczMC1lY2FhLTExZTYtOGY4OC0zNDM2M2JjN2M0YzAiOnsiY3JlYXRlIjo1NDAwMDAwMDAwMDAwLCJkZWxldGUiOjU0MDAwMDAwMDAwMDAsInJlYWQiOjMwMDAwMDAwMDAwMCwidXBkYXRlIjo1NDAwMDAwMDAwMDAwfX0="
        }
      ]
    },
    {
      "mode": "managed",
      "type": "azurerm_subnet",
      "name": "main",
      "provider": "provider[\"registry.terraform.io/hashicorp/azurerm\"]",
      "instances": [
        {
          "schema_version": 0,
          "attributes": {
            "address_prefixes": [
              "10.0.1.0/24"
            ],
            "default_outbound_access_enabled": true,
            "delegation": [],
            "id": "/subscriptions/709b9f71-22e7-45c9-9b2a-e133387e5c72/resourceGroups/rg-steam-sale-optimizer/providers/Microsoft.Network/virtualNetworks/vnet-main/subnets/subnet-main",
            "name": "subnet-main",
            "private_endpoint_network_policies": "Disabled",
            "private_link_service_network_policies_enabled": true,
            "resource_group_name": "rg-steam-sale-optimizer",
            "service_endpoint_policy_ids": null,
            "service_endpoints": null,
            "timeouts": null,
            "virtual_network_name": "vnet-main"
          },
          "sensitive_attributes": [],
          "private": "eyJlMmJmYjczMC1lY2FhLTExZTYtOGY4OC0zNDM2M2JjN2M0YzAiOnsiY3JlYXRlIjoxODAwMDAwMDAwMDAwLCJkZWxldGUiOjE4MDAwMDAwMDAwMDAsInJlYWQiOjMwMDAwMDAwMDAwMCwidXBkYXRlIjoxODAwMDAwMDAwMDAwfX0=",
          "dependencies": [
            "azurerm_resource_group.main",
            "azurerm_virtual_network.main"
          ]
        }
      ]
    },
    {
      "mode": "managed",
      "type": "azurerm_subnet_network_security_group_association",
      "name": "main",
      "provider": "provider[\"registry.terraform.io/hashicorp/azurerm\"]",
      "instances": [
        {
          "schema_version": 0,
          "attributes": {
            "id": "/subscriptions/709b9f71-22e7-45c9-9b2a-e133387e5c72/resourceGroups/rg-steam-sale-optimizer/providers/Microsoft.Network/virtualNetworks/vnet-main/subnets/subnet-main",
            "network_security_group_id": "/subscriptions/709b9f71-22e7-45c9-9b2a-e133387e5c72/resourceGroups/rg-steam-sale-optimizer/providers/Microsoft.Network/networkSecurityGroups/nsg-main",
            "subnet_id": "/subscriptions/709b9f71-22e7-45c9-9b2a-e133387e5c72/resourceGroups/rg-steam-sale-optimizer/providers/Microsoft.Network/virtualNetworks/vnet-main/subnets/subnet-main",
            "timeouts": null
          },
          "sensitive_attributes": [],
          "private": "eyJlMmJmYjczMC1lY2FhLTExZTYtOGY4OC0zNDM2M2JjN2M0YzAiOnsiY3JlYXRlIjoxODAwMDAwMDAwMDAwLCJkZWxldGUiOjE4MDAwMDAwMDAwMDAsInJlYWQiOjMwMDAwMDAwMDAwMH19",
          "dependencies": [
            "azurerm_network_security_group.main",
            "azurerm_resource_group.main",
            "azurerm_subnet.main",
            "azurerm_virtual_network.main"
          ]
        }
      ]
    },
    {
      "mode": "managed",
      "type": "azurerm_virtual_network",
      "name": "main",
      "provider": "provider[\"registry.terraform.io/hashicorp/azurerm\"]",
      "instances": [
        {
          "schema_version": 0,
          "attributes": {
            "address_space": [
              "10.0.0.0/16"
            ],
            "bgp_community": "",
            "ddos_protection_plan": [],
            "dns_servers": [],
            "edge_zone": "",
            "encryption": [],
            "flow_timeout_in_minutes": 0,
            "guid": "cd20696b-7cf4-4768-a5e4-890261a75d61",
            "id": "/subscriptions/709b9f71-22e7-45c9-9b2a-e133387e5c72/resourceGroups/rg-steam-sale-optimizer/providers/Microsoft.Network/virtualNetworks/vnet-main",
            "ip_address_pool": [],
            "location": "eastus",
            "name": "vnet-main",
            "private_endpoint_vnet_policies": "Disabled",
            "resource_group_name": "rg-steam-sale-optimizer",
            "subnet": [],
            "tags": null,
            "timeouts": null
          },
          "sensitive_attributes": [],
          "private": "eyJlMmJmYjczMC1lY2FhLTExZTYtOGY4OC0zNDM2M2JjN2M0YzAiOnsiY3JlYXRlIjoxODAwMDAwMDAwMDAwLCJkZWxldGUiOjE4MDAwMDAwMDAwMDAsInJlYWQiOjMwMDAwMDAwMDAwMCwidXBkYXRlIjoxODAwMDAwMDAwMDAwfX0=",
          "dependencies": [
            "azurerm_resource_group.main"
          ]
        }
      ]
    }
  ],
  "check_results": null
}
